{
  "name": "workbox-recipes",
  "version": "6.5.3",
  "lockfileVersion": 1,
  "requires": true,
  "dependencies": {
    "idb": {
      "version": "6.1.5",
      "resolved": "https://registry.npmjs.org/idb/-/idb-6.1.5.tgz",
      "integrity": "sha512-IJtugpKkiVXQn5Y+LteyBCNk1N8xpGV3wWZk9EVtZWH8DYkjBn0bX1XnGP9RkyZF0sAcywa6unHqSWKe7q4LGw=="
    },
    "workbox-cacheable-response": {
      "version": "6.5.3",
      "resolved": "https://registry.npmjs.org/workbox-cacheable-response/-/workbox-cacheable-response-6.5.3.tgz",
      "integrity": "sha512-6JE/Zm05hNasHzzAGKDkqqgYtZZL2H06ic2GxuRLStA4S/rHUfm2mnLFFXuHAaGR1XuuYyVCEey1M6H3PdZ7SQ==",
      "requires": {
        "workbox-core": "6.5.3"
      }
    },
    "workbox-core": {
      "version": "6.5.3",
      "resolved": "https://registry.npmjs.org/workbox-core/-/workbox-core-6.5.3.tgz",
      "integrity": "sha512-Bb9ey5n/M9x+l3fBTlLpHt9ASTzgSGj6vxni7pY72ilB/Pb3XtN+cZ9yueboVhD5+9cNQrC9n/E1fSrqWsUz7Q=="
    },
    "workbox-expiration": {
      "version": "6.5.3",
      "resolved": "https://registry.npmjs.org/workbox-expiration/-/workbox-expiration-6.5.3.tgz",
      "integrity": "sha512-jzYopYR1zD04ZMdlbn/R2Ik6ixiXbi15c9iX5H8CTi6RPDz7uhvMLZPKEndZTpfgmUk8mdmT9Vx/AhbuCl5Sqw==",
      "requires": {
        "idb": "^6.1.4",
        "workbox-core": "6.5.3"
      }
    },
    "workbox-precaching": {
      "version": "6.5.3",
      "resolved": "https://registry.npmjs.org/workbox-precaching/-/workbox-precaching-6.5.3.tgz",
      "integrity": "sha512-sjNfgNLSsRX5zcc63H/ar/hCf+T19fRtTqvWh795gdpghWb5xsfEkecXEvZ8biEi1QD7X/ljtHphdaPvXDygMQ==",
      "requires": {
        "workbox-core": "6.5.3",
        "workbox-routing": "6.5.3",
        "workbox-strategies": "6.5.3"
      },
      "dependencies": {
        "workbox-routing": {
          "version": "6.5.3",
          "resolved": "https://registry.npmjs.org/workbox-routing/-/workbox-routing-6.5.3.tgz",
          "integrity": "sha512-DFjxcuRAJjjt4T34RbMm3MCn+xnd36UT/2RfPRfa8VWJGItGJIn7tG+GwVTdHmvE54i/QmVTJepyAGWtoLPTmg==",
          "requires": {
            "workbox-core": "6.5.3"
          }
        }
      }
    },
    "workbox-routing": {
      "version": "6.6.0",
      "resolved": "https://registry.npmjs.org/workbox-routing/-/workbox-routing-6.6.0.tgz",
      "integrity": "sha512-x8gdN7VDBiLC03izAZRfU+WKUXJnbqt6PG9Uh0XuPRzJPpZGLKce/FkOX95dWHRpOHWLEq8RXzjW0O+POSkKvw==",
      "requires": {
        "workbox-core": "6.6.0"
      },
      "dependencies": {
        "workbox-core": {
          "version": "6.6.0",
          "resolved": "https://registry.npmjs.org/workbox-core/-/workbox-core-6.6.0.tgz",
          "integrity": "sha512-GDtFRF7Yg3DD859PMbPAYPeJyg5gJYXuBQAC+wyrWuuXgpfoOrIQIvFRZnQ7+czTIQjIr1DhLEGFzZanAT/3bQ=="
        }
      }
    },
    "workbox-strategies": {
      "version": "6.5.3",
      "resolved": "https://registry.npmjs.org/workbox-strategies/-/workbox-strategies-6.5.3.tgz",
      "integrity": "sha512-MgmGRrDVXs7rtSCcetZgkSZyMpRGw8HqL2aguszOc3nUmzGZsT238z/NN9ZouCxSzDu3PQ3ZSKmovAacaIhu1w==",
      "requires": {
        "workbox-core": "6.5.3"
      }
    }
  }
}
