{
  "name": "workbox-window",
  "version": "6.5.3",
  "lockfileVersion": 1,
  "requires": true,
  "dependencies": {
    "@types/trusted-types": {
      "version": "2.0.2",
      "resolved": "https://registry.npmjs.org/@types/trusted-types/-/trusted-types-2.0.2.tgz",
      "integrity": "sha512-F5DIZ36YVLE+PN+Zwws4kJogq47hNgX3Nx6WyDJ3kcplxyke3XIzB8uK5n/Lpm1HBsbGzd6nmGehL8cPekP+Tg=="
    },
    "workbox-core": {
      "version": "6.6.0",
      "resolved": "https://registry.npmjs.org/workbox-core/-/workbox-core-6.6.0.tgz",
      "integrity": "sha512-GDtFRF7Yg3DD859PMbPAYPeJyg5gJYXuBQAC+wyrWuuXgpfoOrIQIvFRZnQ7+czTIQjIr1DhLEGFzZanAT/3bQ=="
    }
  }
}
